
Microsoft Visual Studio Solution File, Format Version 12.00
# Visual Studio 15
VisualStudioVersion = 15.0.26730.12
MinimumVisualStudioVersion = 10.0.40219.1
Project("{9A19103F-16F7-4668-BE54-9A1E7A4F7556}") = "LemonWayAPI", "LemonWayChallenge\LemonWayAPI.csproj", "{E9DC13AB-1076-44E6-A531-8836A0539FCE}"
EndProject
Project("{FAE04EC0-301F-11D3-BF4B-00C04F79EFBC}") = "LemonWayForm", "LemonWayForm\LemonWayForm.csproj", "{47F7F5CD-F576-403C-AB37-EDEBF8EC2276}"
EndProject
Global
	GlobalSection(SolutionConfigurationPlatforms) = preSolution
		Debug|Any CPU = Debug|Any CPU
		Release|Any CPU = Release|Any CPU
	EndGlobalSection
	GlobalSection(ProjectConfigurationPlatforms) = postSolution
		{E9DC13AB-1076-44E6-A531-8836A0539FCE}.Debug|Any CPU.ActiveCfg = Debug|Any CPU
		{E9DC13AB-1076-44E6-A531-8836A0539FCE}.Debug|Any CPU.Build.0 = Debug|Any CPU
		{E9DC13AB-1076-44E6-A531-8836A0539FCE}.Release|Any CPU.ActiveCfg = Release|Any CPU
		{E9DC13AB-1076-44E6-A531-8836A0539FCE}.Release|Any CPU.Build.0 = Release|Any CPU
		{47F7F5CD-F576-403C-AB37-EDEBF8EC2276}.Debug|Any CPU.ActiveCfg = Debug|Any CPU
		{47F7F5CD-F576-403C-AB37-EDEBF8EC2276}.Debug|Any CPU.Build.0 = Debug|Any CPU
		{47F7F5CD-F576-403C-AB37-EDEBF8EC2276}.Release|Any CPU.ActiveCfg = Release|Any CPU
		{47F7F5CD-F576-403C-AB37-EDEBF8EC2276}.Release|Any CPU.Build.0 = Release|Any CPU
	EndGlobalSection
	GlobalSection(SolutionProperties) = preSolution
		HideSolutionNode = FALSE
	EndGlobalSection
	GlobalSection(ExtensibilityGlobals) = postSolution
		SolutionGuid = {5BDE43C5-77DC-4339-931A-8381028CACCC}
	EndGlobalSection
EndGlobal
